Microsoft Visual Studio Solution File, Format Version 12.00
# Visual Studio Version 17
VisualStudioVersion = 17.5.2.0
MinimumVisualStudioVersion = 10.0.40219.1
Project("{FAE04EC0-301F-11D3-BF4B-00C04F79EFBC}") = "cinemaratona", "cinemaratona.csproj", "{2004717A-110C-6C41-6AEE-3B63F8AEEE91}"
EndProject
Global
	GlobalSection(SolutionConfigurationPlatforms) = preSolution
		Debug|Any CPU = Debug|Any CPU
		Release|Any CPU = Release|Any CPU
	EndGlobalSection
	GlobalSection(ProjectConfigurationPlatforms) = postSolution
		{2004717A-110C-6C41-6AEE-3B63F8AEEE91}.Debug|Any CPU.ActiveCfg = Debug|Any CPU
		{2004717A-110C-6C41-6AEE-3B63F8AEEE91}.Debug|Any CPU.Build.0 = Debug|Any CPU
		{2004717A-110C-6C41-6AEE-3B63F8AEEE91}.Release|Any CPU.ActiveCfg = Release|Any CPU
		{2004717A-110C-6C41-6AEE-3B63F8AEEE91}.Release|Any CPU.Build.0 = Release|Any CPU
	EndGlobalSection
	GlobalSection(SolutionProperties) = preSolution
		HideSolutionNode = FALSE
	EndGlobalSection
	GlobalSection(ExtensibilityGlobals) = postSolution
		SolutionGuid = {A2B892B4-8B11-4A20-8B62-399A06C92EAA}
	EndGlobalSection
EndGlobal
